{
  "name": "31e32ef8478fbf80",
  "lockfileVersion": 3,
  "requires": true,
  "packages": {
    "": {
      "dependencies": {
        "@playwright/cli": "^0.1.4"
      }
    },
    "node_modules/@playwright/cli": {
      "version": "0.1.4",
      "resolved": "https://registry.npmjs.org/@playwright/cli/-/cli-0.1.4.tgz",
      "integrity": "sha512-aT6VgMeJ/tkZxz0HvHYZ4tySeruuypksPkEggZ++eqMK3Tg3Sr/CUm63ExlNVsqQpsyp9FgukmpSYc8T8zFz3A==",
      "license": "Apache-2.0",
      "dependencies": {
        "minimist": "^1.2.5",
        "playwright": "1.60.0-alpha-1775061447000"
      },
      "bin": {
        "playwright-cli": "playwright-cli.js"
      },
      "engines": {
        "node": ">=18"
      }
    },
    "node_modules/fsevents": {
      "version": "2.3.2",
      "resolved": "https://registry.npmjs.org/fsevents/-/fsevents-2.3.2.tgz",
      "integrity": "sha512-xiqMQR4xAeHTuB9uWm+fFRcIOgKBMiOBP+eXiyT7jsgVCq1bkVygt00oASowB7EdtpOHaaPgKt812P9ab+DDKA==",
      "hasInstallScript": true,
      "license": "MIT",
      "optional": true,
      "os": [
        "darwin"
      ],
      "engines": {
        "node": "^8.16.0 || ^10.6.0 || >=11.0.0"
      }
    },
    "node_modules/minimist": {
      "version": "1.2.8",
      "resolved": "https://registry.npmjs.org/minimist/-/minimist-1.2.8.tgz",
      "integrity": "sha512-2yyAR8qBkN3YuheJanUpWC5U3bb5osDywNB8RzDVlDwDHbocAJveqqj1u8+SVD7jkWT4yvsHCpWqqWqAxb0zCA==",
      "license": "MIT",
      "funding": {
        "url": "https://github.com/sponsors/ljharb"
      }
    },
    "node_modules/playwright": {
      "version": "1.60.0-alpha-1775061447000",
      "resolved": "https://registry.npmjs.org/playwright/-/playwright-1.60.0-alpha-1775061447000.tgz",
      "integrity": "sha512-OrClfQgiBMhp55a5d7KTGxKbCcLoevmvu18cUXJQE+pXXQ7yjFj7zbMlrPbIcgNtxJGFtX6sx0PR/1Yk8OlG+g==",
      "license": "Apache-2.0",
      "dependencies": {
        "playwright-core": "1.60.0-alpha-1775061447000"
      },
      "bin": {
        "playwright": "cli.js"
      },
      "engines": {
        "node": ">=18"
      },
      "optionalDependencies": {
        "fsevents": "2.3.2"
      }
    },
    "node_modules/playwright-core": {
      "version": "1.60.0-alpha-1775061447000",
      "resolved": "https://registry.npmjs.org/playwright-core/-/playwright-core-1.60.0-alpha-1775061447000.tgz",
      "integrity": "sha512-8xEKqw04tk+79l/5XlU4HXyf37ngAf8uJUcOd4FLpGjbxwgRpYoqOFlR4wWcQPOxNS5T+22px0QRIF/kZYwEHg==",
      "license": "Apache-2.0",
      "bin": {
        "playwright-core": "cli.js"
      },
      "engines": {
        "node": ">=18"
      }
    }
  }
}
